
Microsoft Visual Studio Solution File, Format Version 12.00
# Visual Studio Version 17
VisualStudioVersion = 17.0.32112.339
MinimumVisualStudioVersion = 10.0.40219.1
Project("{FAE04EC0-301F-11D3-BF4B-00C04F79EFBC}") = "Sleepys_MorePsycastsVol2", "Sleepys_MorePsycastsVol2.csproj", "{605A154D-EF44-4D70-A91A-57ABE9A9D8A3}"
EndProject
Global
	GlobalSection(SolutionConfigurationPlatforms) = preSolution
		Debug|Any CPU = Debug|Any CPU
		Release|Any CPU = Release|Any CPU
	EndGlobalSection
	GlobalSection(ProjectConfigurationPlatforms) = postSolution
		{605A154D-EF44-4D70-A91A-57ABE9A9D8A3}.Debug|Any CPU.ActiveCfg = Debug|Any CPU
		{605A154D-EF44-4D70-A91A-57ABE9A9D8A3}.Debug|Any CPU.Build.0 = Debug|Any CPU
		{605A154D-EF44-4D70-A91A-57ABE9A9D8A3}.Release|Any CPU.ActiveCfg = Release|Any CPU
		{605A154D-EF44-4D70-A91A-57ABE9A9D8A3}.Release|Any CPU.Build.0 = Release|Any CPU
	EndGlobalSection
	GlobalSection(SolutionProperties) = preSolution
		HideSolutionNode = FALSE
	EndGlobalSection
	GlobalSection(ExtensibilityGlobals) = postSolution
		SolutionGuid = {9C26140D-3A10-4F4A-9008-33F2BB2196A1}
	EndGlobalSection
EndGlobal
